
Microsoft Visual Studio Solution File, Format Version 12.00
# Visual Studio Version 17
VisualStudioVersion = 17.7.34031.279
MinimumVisualStudioVersion = 10.0.40219.1
Project("{8BC9CEB8-8B4A-11D0-8D11-00A0C91BC942}") = "Project1", "Project1\Project1.vcxproj", "{F493D351-D457-4A09-8144-FFC54606E23E}"
EndProject
Global
	GlobalSection(SolutionConfigurationPlatforms) = preSolution
		Debug|x64 = Debug|x64
		Debug|x86 = Debug|x86
		Release|x64 = Release|x64
		Release|x86 = Release|x86
	EndGlobalSection
	GlobalSection(ProjectConfigurationPlatforms) = postSolution
		{F493D351-D457-4A09-8144-FFC54606E23E}.Debug|x64.ActiveCfg = Debug|x64
		{F493D351-D457-4A09-8144-FFC54606E23E}.Debug|x64.Build.0 = Debug|x64
		{F493D351-D457-4A09-8144-FFC54606E23E}.Debug|x86.ActiveCfg = Debug|Win32
		{F493D351-D457-4A09-8144-FFC54606E23E}.Debug|x86.Build.0 = Debug|Win32
		{F493D351-D457-4A09-8144-FFC54606E23E}.Release|x64.ActiveCfg = Release|x64
		{F493D351-D457-4A09-8144-FFC54606E23E}.Release|x64.Build.0 = Release|x64
		{F493D351-D457-4A09-8144-FFC54606E23E}.Release|x86.ActiveCfg = Release|Win32
		{F493D351-D457-4A09-8144-FFC54606E23E}.Release|x86.Build.0 = Release|Win32
	EndGlobalSection
	GlobalSection(SolutionProperties) = preSolution
		HideSolutionNode = FALSE
	EndGlobalSection
	GlobalSection(ExtensibilityGlobals) = postSolution
		SolutionGuid = {3B7DAB54-5D25-4A93-8B3A-2EA224A3229D}
	EndGlobalSection
EndGlobal
